
Microsoft Visual Studio Solution File, Format Version 12.00
# Visual Studio Version 17
VisualStudioVersion = 17.13.35818.85 d17.13
MinimumVisualStudioVersion = 10.0.40219.1
Project("{FAE04EC0-301F-11D3-BF4B-00C04F79EFBC}") = "ProductUnitTest.Test", "ProductUnitTest.Test\ProductUnitTest.Test.csproj", "{0E0D1C7B-380D-4913-9316-12A23E949AEC}"
EndProject
Project("{FAE04EC0-301F-11D3-BF4B-00C04F79EFBC}") = "ProductUnitTest.Tests", "ProductUnitTest.Tests\ProductUnitTest.Tests.csproj", "{1B4A9C43-E79E-4664-A1D0-F707AADF1D2B}"
EndProject
Global
	GlobalSection(SolutionConfigurationPlatforms) = preSolution
		Debug|Any CPU = Debug|Any CPU
		Release|Any CPU = Release|Any CPU
	EndGlobalSection
	GlobalSection(ProjectConfigurationPlatforms) = postSolution
		{0E0D1C7B-380D-4913-9316-12A23E949AEC}.Debug|Any CPU.ActiveCfg = Debug|Any CPU
		{0E0D1C7B-380D-4913-9316-12A23E949AEC}.Debug|Any CPU.Build.0 = Debug|Any CPU
		{0E0D1C7B-380D-4913-9316-12A23E949AEC}.Release|Any CPU.ActiveCfg = Release|Any CPU
		{0E0D1C7B-380D-4913-9316-12A23E949AEC}.Release|Any CPU.Build.0 = Release|Any CPU
		{1B4A9C43-E79E-4664-A1D0-F707AADF1D2B}.Debug|Any CPU.ActiveCfg = Debug|Any CPU
		{1B4A9C43-E79E-4664-A1D0-F707AADF1D2B}.Debug|Any CPU.Build.0 = Debug|Any CPU
		{1B4A9C43-E79E-4664-A1D0-F707AADF1D2B}.Release|Any CPU.ActiveCfg = Release|Any CPU
		{1B4A9C43-E79E-4664-A1D0-F707AADF1D2B}.Release|Any CPU.Build.0 = Release|Any CPU
	EndGlobalSection
	GlobalSection(SolutionProperties) = preSolution
		HideSolutionNode = FALSE
	EndGlobalSection
	GlobalSection(ExtensibilityGlobals) = postSolution
		SolutionGuid = {E2613F83-9556-44E8-9418-C130E93B130B}
	EndGlobalSection
EndGlobal
